
Microsoft Visual Studio Solution File, Format Version 12.00
# Visual Studio 15
VisualStudioVersion = 15.0.27428.2027
MinimumVisualStudioVersion = 10.0.40219.1
Project("{9A19103F-16F7-4668-BE54-9A1E7A4F7556}") = "ByteHelperTest", "ByteHelperTest\ByteHelperTest.csproj", "{66FD23D9-0051-43BD-B583-E4376D9CAC2F}"
EndProject
Project("{2150E333-8FDC-42A3-9474-1A3956D46DE8}") = "Solution Items", "Solution Items", "{9473C794-865C-4E25-9DDB-35975407CA51}"
	ProjectSection(SolutionItems) = preProject
		ByteHelperTest.sln.DotSettings = ByteHelperTest.sln.DotSettings
		Readme.md = Readme.md
	EndProjectSection
EndProject
Global
	GlobalSection(SolutionConfigurationPlatforms) = preSolution
		Debug|Any CPU = Debug|Any CPU
		Release|Any CPU = Release|Any CPU
	EndGlobalSection
	GlobalSection(ProjectConfigurationPlatforms) = postSolution
		{66FD23D9-0051-43BD-B583-E4376D9CAC2F}.Debug|Any CPU.ActiveCfg = Debug|Any CPU
		{66FD23D9-0051-43BD-B583-E4376D9CAC2F}.Debug|Any CPU.Build.0 = Debug|Any CPU
		{66FD23D9-0051-43BD-B583-E4376D9CAC2F}.Release|Any CPU.ActiveCfg = Release|Any CPU
		{66FD23D9-0051-43BD-B583-E4376D9CAC2F}.Release|Any CPU.Build.0 = Release|Any CPU
	EndGlobalSection
	GlobalSection(SolutionProperties) = preSolution
		HideSolutionNode = FALSE
	EndGlobalSection
	GlobalSection(ExtensibilityGlobals) = postSolution
		SolutionGuid = {B5E8CFBC-0897-446A-87B1-6FC01EAD5B77}
	EndGlobalSection
EndGlobal
