<Solution>
  <Folder Name="/Solution Items/">
    <File Path=".editorconfig" />
    <File Path=".gitattributes" />
    <File Path=".gitignore" />
    <File Path="AGENTS.md" />
    <File Path="Analyzers.ruleset" />
    <File Path="CLAUDE.md" />
    <File Path="CodeCoverage.runsettings" />
    <File Path="Directory.Build.props" />
    <File Path="Directory.Build.targets" />
    <File Path="LICENSE" />
    <File Path="README.md" />
    <File Path="Smart.IO.ByteMapper.props" />
    <File Path="Smart.IO.ByteMapper.sln.DotSettings" />
  </Folder>
  <Project Path="Develop/Develop.csproj" DefaultStartup="true" />
  <Project Path="Smart.IO.ByteMapper/Smart.IO.ByteMapper.csproj">
    <BuildDependency Project="Smart.IO.ByteMapper.Generator/Smart.IO.ByteMapper.Generator.csproj" />
  </Project>
  <Project Path="Smart.IO.ByteMapper.Generator/Smart.IO.ByteMapper.Generator.csproj" />
  <Project Path="Smart.IO.ByteMapper.Tests/Smart.IO.ByteMapper.Tests.csproj" />
</Solution>
