
Microsoft Visual Studio Solution File, Format Version 12.00
# Visual Studio 15
VisualStudioVersion = 15.0.27428.1
MinimumVisualStudioVersion = 10.0.40219.1
Project("{9A19103F-16F7-4668-BE54-9A1E7A4F7556}") = "Smart.IO.Mapper", "Smart.IO.Mapper\Smart.IO.Mapper.csproj", "{9BD32DFF-09F6-4978-B05A-28E525225BD0}"
EndProject
Project("{2150E333-8FDC-42A3-9474-1A3956D46DE8}") = "Solution Items", "Solution Items", "{170183CF-D7E3-4E11-99C7-9A721C3EB89A}"
	ProjectSection(SolutionItems) = preProject
		.gitignore = .gitignore
		.gitmodules = .gitmodules
		README.md = README.md
		Smart.IO.Mapper.nuspec = Smart.IO.Mapper.nuspec
		Smart.IO.Mapper.ruleset = Smart.IO.Mapper.ruleset
		Smart.IO.Mapper.sln.DotSettings = Smart.IO.Mapper.sln.DotSettings
	EndProjectSection
EndProject
Project("{9A19103F-16F7-4668-BE54-9A1E7A4F7556}") = "Smart.IO.Mapper.Tests", "Smart.IO.Mapper.Tests\Smart.IO.Mapper.Tests.csproj", "{FB8A1E91-2727-407E-974E-AAF87E13FC88}"
EndProject
Project("{9A19103F-16F7-4668-BE54-9A1E7A4F7556}") = "Smart.IO.Mapper.Benchmark", "Smart.IO.Mapper.Benchmark\Smart.IO.Mapper.Benchmark.csproj", "{E0180652-F5C0-4220-9ECC-2FD234F8180F}"
EndProject
Global
	GlobalSection(SolutionConfigurationPlatforms) = preSolution
		Debug|Any CPU = Debug|Any CPU
		Release|Any CPU = Release|Any CPU
	EndGlobalSection
	GlobalSection(ProjectConfigurationPlatforms) = postSolution
		{9BD32DFF-09F6-4978-B05A-28E525225BD0}.Debug|Any CPU.ActiveCfg = Debug|Any CPU
		{9BD32DFF-09F6-4978-B05A-28E525225BD0}.Debug|Any CPU.Build.0 = Debug|Any CPU
		{9BD32DFF-09F6-4978-B05A-28E525225BD0}.Release|Any CPU.ActiveCfg = Release|Any CPU
		{9BD32DFF-09F6-4978-B05A-28E525225BD0}.Release|Any CPU.Build.0 = Release|Any CPU
		{FB8A1E91-2727-407E-974E-AAF87E13FC88}.Debug|Any CPU.ActiveCfg = Debug|Any CPU
		{FB8A1E91-2727-407E-974E-AAF87E13FC88}.Debug|Any CPU.Build.0 = Debug|Any CPU
		{FB8A1E91-2727-407E-974E-AAF87E13FC88}.Release|Any CPU.ActiveCfg = Release|Any CPU
		{FB8A1E91-2727-407E-974E-AAF87E13FC88}.Release|Any CPU.Build.0 = Release|Any CPU
		{E0180652-F5C0-4220-9ECC-2FD234F8180F}.Debug|Any CPU.ActiveCfg = Debug|Any CPU
		{E0180652-F5C0-4220-9ECC-2FD234F8180F}.Debug|Any CPU.Build.0 = Debug|Any CPU
		{E0180652-F5C0-4220-9ECC-2FD234F8180F}.Release|Any CPU.ActiveCfg = Release|Any CPU
		{E0180652-F5C0-4220-9ECC-2FD234F8180F}.Release|Any CPU.Build.0 = Release|Any CPU
	EndGlobalSection
	GlobalSection(SolutionProperties) = preSolution
		HideSolutionNode = FALSE
	EndGlobalSection
	GlobalSection(ExtensibilityGlobals) = postSolution
		SolutionGuid = {0FBD22A9-9398-4020-8601-25B5081320F1}
	EndGlobalSection
EndGlobal
