
Microsoft Visual Studio Solution File, Format Version 12.00
# Visual Studio Version 16
VisualStudioVersion = 16.0.28729.10
MinimumVisualStudioVersion = 10.0.40219.1
Project("{9A19103F-16F7-4668-BE54-9A1E7A4F7556}") = "Smart.IO.ByteMapper", "Smart.IO.ByteMapper\Smart.IO.ByteMapper.csproj", "{9BD32DFF-09F6-4978-B05A-28E525225BD0}"
EndProject
Project("{2150E333-8FDC-42A3-9474-1A3956D46DE8}") = "Solution Items", "Solution Items", "{170183CF-D7E3-4E11-99C7-9A721C3EB89A}"
	ProjectSection(SolutionItems) = preProject
		.editorconfig = .editorconfig
		.gitignore = .gitignore
		.gitmodules = .gitmodules
		Directory.Build.props = Directory.Build.props
		Directory.Build.targets = Directory.Build.targets
		README.md = README.md
		Smart.IO.ByteMapper.AspNetCore.nuspec = Smart.IO.ByteMapper.AspNetCore.nuspec
		Smart.IO.ByteMapper.nuspec = Smart.IO.ByteMapper.nuspec
		Smart.IO.ByteMapper.Options.nuspec = Smart.IO.ByteMapper.Options.nuspec
		Smart.IO.ByteMapper.ruleset = Smart.IO.ByteMapper.ruleset
		Smart.IO.ByteMapper.sln.DotSettings = Smart.IO.ByteMapper.sln.DotSettings
	EndProjectSection
EndProject
Project("{9A19103F-16F7-4668-BE54-9A1E7A4F7556}") = "Smart.IO.ByteMapper.Tests", "Smart.IO.ByteMapper.Tests\Smart.IO.ByteMapper.Tests.csproj", "{FB8A1E91-2727-407E-974E-AAF87E13FC88}"
EndProject
Project("{9A19103F-16F7-4668-BE54-9A1E7A4F7556}") = "Smart.IO.ByteMapper.Benchmark", "Smart.IO.ByteMapper.Benchmark\Smart.IO.ByteMapper.Benchmark.csproj", "{E0180652-F5C0-4220-9ECC-2FD234F8180F}"
EndProject
Project("{9A19103F-16F7-4668-BE54-9A1E7A4F7556}") = "Smart.IO.ByteMapper.AspNetCore", "Smart.IO.ByteMapper.AspNetCore\Smart.IO.ByteMapper.AspNetCore.csproj", "{3FB7DF56-DE58-48DB-A462-9080975DEB02}"
EndProject
Project("{9A19103F-16F7-4668-BE54-9A1E7A4F7556}") = "Smart.IO.ByteMapper.Options", "Smart.IO.ByteMapper.Options\Smart.IO.ByteMapper.Options.csproj", "{2F875071-9750-4DB0-8A98-F6A924D99B7C}"
EndProject
Project("{2150E333-8FDC-42A3-9474-1A3956D46DE8}") = "Example", "Example", "{3FAA7244-DB42-4713-B0B1-9F6E66D4B856}"
EndProject
Project("{2150E333-8FDC-42A3-9474-1A3956D46DE8}") = "Library", "Library", "{501EE26C-31DF-4CA0-AB8E-FDDB811F8F8B}"
EndProject
Project("{2150E333-8FDC-42A3-9474-1A3956D46DE8}") = "Tests", "Tests", "{F7D12BBF-4CBC-4501-A9DE-30807B3640B3}"
EndProject
Project("{2150E333-8FDC-42A3-9474-1A3956D46DE8}") = "Benchmark", "Benchmark", "{8D368C45-2A75-4367-BEFD-46936AA5F4B1}"
EndProject
Project("{FAE04EC0-301F-11D3-BF4B-00C04F79EFBC}") = "Example.WebApplication", "Example.WebApplication\Example.WebApplication.csproj", "{2D265BAB-8480-4939-94E3-C6544D1C14AD}"
EndProject
Global
	GlobalSection(SolutionConfigurationPlatforms) = preSolution
		Debug|Any CPU = Debug|Any CPU
		Release|Any CPU = Release|Any CPU
	EndGlobalSection
	GlobalSection(ProjectConfigurationPlatforms) = postSolution
		{9BD32DFF-09F6-4978-B05A-28E525225BD0}.Debug|Any CPU.ActiveCfg = Debug|Any CPU
		{9BD32DFF-09F6-4978-B05A-28E525225BD0}.Debug|Any CPU.Build.0 = Debug|Any CPU
		{9BD32DFF-09F6-4978-B05A-28E525225BD0}.Release|Any CPU.ActiveCfg = Release|Any CPU
		{9BD32DFF-09F6-4978-B05A-28E525225BD0}.Release|Any CPU.Build.0 = Release|Any CPU
		{FB8A1E91-2727-407E-974E-AAF87E13FC88}.Debug|Any CPU.ActiveCfg = Debug|Any CPU
		{FB8A1E91-2727-407E-974E-AAF87E13FC88}.Debug|Any CPU.Build.0 = Debug|Any CPU
		{FB8A1E91-2727-407E-974E-AAF87E13FC88}.Release|Any CPU.ActiveCfg = Release|Any CPU
		{FB8A1E91-2727-407E-974E-AAF87E13FC88}.Release|Any CPU.Build.0 = Release|Any CPU
		{E0180652-F5C0-4220-9ECC-2FD234F8180F}.Debug|Any CPU.ActiveCfg = Debug|Any CPU
		{E0180652-F5C0-4220-9ECC-2FD234F8180F}.Debug|Any CPU.Build.0 = Debug|Any CPU
		{E0180652-F5C0-4220-9ECC-2FD234F8180F}.Release|Any CPU.ActiveCfg = Release|Any CPU
		{E0180652-F5C0-4220-9ECC-2FD234F8180F}.Release|Any CPU.Build.0 = Release|Any CPU
		{3FB7DF56-DE58-48DB-A462-9080975DEB02}.Debug|Any CPU.ActiveCfg = Debug|Any CPU
		{3FB7DF56-DE58-48DB-A462-9080975DEB02}.Debug|Any CPU.Build.0 = Debug|Any CPU
		{3FB7DF56-DE58-48DB-A462-9080975DEB02}.Release|Any CPU.ActiveCfg = Release|Any CPU
		{3FB7DF56-DE58-48DB-A462-9080975DEB02}.Release|Any CPU.Build.0 = Release|Any CPU
		{2F875071-9750-4DB0-8A98-F6A924D99B7C}.Debug|Any CPU.ActiveCfg = Debug|Any CPU
		{2F875071-9750-4DB0-8A98-F6A924D99B7C}.Debug|Any CPU.Build.0 = Debug|Any CPU
		{2F875071-9750-4DB0-8A98-F6A924D99B7C}.Release|Any CPU.ActiveCfg = Release|Any CPU
		{2F875071-9750-4DB0-8A98-F6A924D99B7C}.Release|Any CPU.Build.0 = Release|Any CPU
		{2D265BAB-8480-4939-94E3-C6544D1C14AD}.Debug|Any CPU.ActiveCfg = Debug|Any CPU
		{2D265BAB-8480-4939-94E3-C6544D1C14AD}.Debug|Any CPU.Build.0 = Debug|Any CPU
		{2D265BAB-8480-4939-94E3-C6544D1C14AD}.Release|Any CPU.ActiveCfg = Release|Any CPU
		{2D265BAB-8480-4939-94E3-C6544D1C14AD}.Release|Any CPU.Build.0 = Release|Any CPU
	EndGlobalSection
	GlobalSection(SolutionProperties) = preSolution
		HideSolutionNode = FALSE
	EndGlobalSection
	GlobalSection(NestedProjects) = preSolution
		{9BD32DFF-09F6-4978-B05A-28E525225BD0} = {501EE26C-31DF-4CA0-AB8E-FDDB811F8F8B}
		{FB8A1E91-2727-407E-974E-AAF87E13FC88} = {F7D12BBF-4CBC-4501-A9DE-30807B3640B3}
		{E0180652-F5C0-4220-9ECC-2FD234F8180F} = {8D368C45-2A75-4367-BEFD-46936AA5F4B1}
		{3FB7DF56-DE58-48DB-A462-9080975DEB02} = {501EE26C-31DF-4CA0-AB8E-FDDB811F8F8B}
		{2F875071-9750-4DB0-8A98-F6A924D99B7C} = {501EE26C-31DF-4CA0-AB8E-FDDB811F8F8B}
		{2D265BAB-8480-4939-94E3-C6544D1C14AD} = {3FAA7244-DB42-4713-B0B1-9F6E66D4B856}
	EndGlobalSection
	GlobalSection(ExtensibilityGlobals) = postSolution
		SolutionGuid = {0FBD22A9-9398-4020-8601-25B5081320F1}
	EndGlobalSection
EndGlobal
