<Solution>
  <Folder Name="/Benchmark/">
    <Project Path="Smart.IO.ByteMapper.Benchmark/Smart.IO.ByteMapper.Benchmark.csproj" />
  </Folder>
  <Folder Name="/Example/">
    <Project Path="Example.Web/Example.Web.csproj" />
    <Project Path="Example/Example.csproj" />
  </Folder>
  <Folder Name="/Library/">
    <Project Path="Smart.IO.ByteMapper.AspNetCore.Generator/Smart.IO.ByteMapper.AspNetCore.Generator.csproj" />
    <Project Path="Smart.IO.ByteMapper.AspNetCore/Smart.IO.ByteMapper.AspNetCore.csproj" />
    <Project Path="Smart.IO.ByteMapper.Fast/Smart.IO.ByteMapper.Fast.csproj" />
    <Project Path="Smart.IO.ByteMapper.Generator/Smart.IO.ByteMapper.Generator.csproj" />
    <Project Path="Smart.IO.ByteMapper/Smart.IO.ByteMapper.csproj">
      <BuildDependency Project="Smart.IO.ByteMapper.Generator/Smart.IO.ByteMapper.Generator.csproj" />
    </Project>
  </Folder>
  <Folder Name="/Solution Items/">
    <File Path=".editorconfig" />
    <File Path=".gitattributes" />
    <File Path=".gitignore" />
    <File Path="AGENTS.md" />
    <File Path="Analyzers.ruleset" />
    <File Path="CLAUDE.md" />
    <File Path="CodeCoverage.runsettings" />
    <File Path="Directory.Build.props" />
    <File Path="Directory.Build.targets" />
    <File Path="LICENSE" />
    <File Path="README.md" />
    <File Path="Smart.IO.ByteMapper.props" />
    <File Path="Smart.IO.ByteMapper.sln.DotSettings" />
  </Folder>
  <Folder Name="/Tes/" />
  <Project Path="Smart.IO.ByteMapper.AotTest/Smart.IO.ByteMapper.AotTest.csproj" />
  <Project Path="Smart.IO.ByteMapper.Tests/Smart.IO.ByteMapper.Tests.csproj" />
</Solution>
