
Microsoft Visual Studio Solution File, Format Version 12.00
# Visual Studio Version 17
VisualStudioVersion = 17.0.31912.275
MinimumVisualStudioVersion = 10.0.40219.1
Project("{9A19103F-16F7-4668-BE54-9A1E7A4F7556}") = "ByteHelper", "ByteHelper\ByteHelper.csproj", "{94BFB36F-F9A0-4028-92A8-595F4470E3DE}"
EndProject
Project("{9A19103F-16F7-4668-BE54-9A1E7A4F7556}") = "ByteHelper.Benchmark", "ByteHelper.Benchmark\ByteHelper.Benchmark.csproj", "{4BDA2DFB-7B9A-4E26-B98E-F4AD8B1F1ADB}"
EndProject
Project("{9A19103F-16F7-4668-BE54-9A1E7A4F7556}") = "ByteHelper.Tests", "ByteHelper.Tests\ByteHelper.Tests.csproj", "{BA1B7BAD-4622-46FB-8C2D-4F7375CE4E30}"
EndProject
Project("{2150E333-8FDC-42A3-9474-1A3956D46DE8}") = "Solution Items", "Solution Items", "{19211524-898D-41A5-B924-64E73DF15974}"
	ProjectSection(SolutionItems) = preProject
		ByteHelper.sln.DotSettings = ByteHelper.sln.DotSettings
		README.md = README.md
	EndProjectSection
EndProject
Global
	GlobalSection(SolutionConfigurationPlatforms) = preSolution
		Debug|Any CPU = Debug|Any CPU
		Release|Any CPU = Release|Any CPU
	EndGlobalSection
	GlobalSection(ProjectConfigurationPlatforms) = postSolution
		{94BFB36F-F9A0-4028-92A8-595F4470E3DE}.Debug|Any CPU.ActiveCfg = Debug|Any CPU
		{94BFB36F-F9A0-4028-92A8-595F4470E3DE}.Debug|Any CPU.Build.0 = Debug|Any CPU
		{94BFB36F-F9A0-4028-92A8-595F4470E3DE}.Release|Any CPU.ActiveCfg = Release|Any CPU
		{94BFB36F-F9A0-4028-92A8-595F4470E3DE}.Release|Any CPU.Build.0 = Release|Any CPU
		{4BDA2DFB-7B9A-4E26-B98E-F4AD8B1F1ADB}.Debug|Any CPU.ActiveCfg = Debug|Any CPU
		{4BDA2DFB-7B9A-4E26-B98E-F4AD8B1F1ADB}.Debug|Any CPU.Build.0 = Debug|Any CPU
		{4BDA2DFB-7B9A-4E26-B98E-F4AD8B1F1ADB}.Release|Any CPU.ActiveCfg = Release|Any CPU
		{4BDA2DFB-7B9A-4E26-B98E-F4AD8B1F1ADB}.Release|Any CPU.Build.0 = Release|Any CPU
		{BA1B7BAD-4622-46FB-8C2D-4F7375CE4E30}.Debug|Any CPU.ActiveCfg = Debug|Any CPU
		{BA1B7BAD-4622-46FB-8C2D-4F7375CE4E30}.Debug|Any CPU.Build.0 = Debug|Any CPU
		{BA1B7BAD-4622-46FB-8C2D-4F7375CE4E30}.Release|Any CPU.ActiveCfg = Release|Any CPU
		{BA1B7BAD-4622-46FB-8C2D-4F7375CE4E30}.Release|Any CPU.Build.0 = Release|Any CPU
	EndGlobalSection
	GlobalSection(SolutionProperties) = preSolution
		HideSolutionNode = FALSE
	EndGlobalSection
	GlobalSection(ExtensibilityGlobals) = postSolution
		SolutionGuid = {29826C01-3641-42CE-A831-B3CBF1A5FBBD}
	EndGlobalSection
EndGlobal
