
Microsoft Visual Studio Solution File, Format Version 12.00
# Visual Studio 15
VisualStudioVersion = 15.0.27703.2000
MinimumVisualStudioVersion = 10.0.40219.1
Project("{FAE04EC0-301F-11D3-BF4B-00C04F79EFBC}") = "NumberHelperTest", "NumberHelperTest\NumberHelperTest.csproj", "{EEB59B9C-415C-4D02-81EB-612F577181D2}"
EndProject
Global
	GlobalSection(SolutionConfigurationPlatforms) = preSolution
		Debug|Any CPU = Debug|Any CPU
		Release|Any CPU = Release|Any CPU
	EndGlobalSection
	GlobalSection(ProjectConfigurationPlatforms) = postSolution
		{EEB59B9C-415C-4D02-81EB-612F577181D2}.Debug|Any CPU.ActiveCfg = Debug|Any CPU
		{EEB59B9C-415C-4D02-81EB-612F577181D2}.Debug|Any CPU.Build.0 = Debug|Any CPU
		{EEB59B9C-415C-4D02-81EB-612F577181D2}.Release|Any CPU.ActiveCfg = Release|Any CPU
		{EEB59B9C-415C-4D02-81EB-612F577181D2}.Release|Any CPU.Build.0 = Release|Any CPU
	EndGlobalSection
	GlobalSection(SolutionProperties) = preSolution
		HideSolutionNode = FALSE
	EndGlobalSection
	GlobalSection(ExtensibilityGlobals) = postSolution
		SolutionGuid = {DA6AB8F7-4DF4-4ECA-86CC-36C5D3954D42}
	EndGlobalSection
EndGlobal
